
Microsoft Visual Studio Solution File, Format Version 12.00
# Visual Studio Version 17
VisualStudioVersion = 17.11.35222.181
MinimumVisualStudioVersion = 10.0.40219.1
Project("{FAE04EC0-301F-11D3-BF4B-00C04F79EFBC}") = "CarSalesSystem", "CarSalesSystem.csproj", "{99E5DB89-F3BF-4F0E-969B-34C04E574565}"
EndProject
Global
	GlobalSection(SolutionConfigurationPlatforms) = preSolution
		Debug|Any CPU = Debug|Any CPU
		Release|Any CPU = Release|Any CPU
	EndGlobalSection
	GlobalSection(ProjectConfigurationPlatforms) = postSolution
		{99E5DB89-F3BF-4F0E-969B-34C04E574565}.Debug|Any CPU.ActiveCfg = Debug|Any CPU
		{99E5DB89-F3BF-4F0E-969B-34C04E574565}.Debug|Any CPU.Build.0 = Debug|Any CPU
		{99E5DB89-F3BF-4F0E-969B-34C04E574565}.Release|Any CPU.ActiveCfg = Release|Any CPU
		{99E5DB89-F3BF-4F0E-969B-34C04E574565}.Release|Any CPU.Build.0 = Release|Any CPU
	EndGlobalSection
	GlobalSection(SolutionProperties) = preSolution
		HideSolutionNode = FALSE
	EndGlobalSection
	GlobalSection(ExtensibilityGlobals) = postSolution
		SolutionGuid = {148AAF50-FCA2-483A-B254-97AA56308B41}
	EndGlobalSection
EndGlobal
